
Microsoft Visual Studio Solution File, Format Version 12.00
# Visual Studio Version 16
VisualStudioVersion = 16.0.31129.286
MinimumVisualStudioVersion = 10.0.40219.1
Project("{9A19103F-16F7-4668-BE54-9A1E7A4F7556}") = "Mang2Chieu_Exercises", "Mang2Chieu_Exercises.csproj", "{77A2A681-4D35-4D4A-8236-61E11047B84A}"
EndProject
Global
	GlobalSection(SolutionConfigurationPlatforms) = preSolution
		Debug|Any CPU = Debug|Any CPU
		Release|Any CPU = Release|Any CPU
	EndGlobalSection
	GlobalSection(ProjectConfigurationPlatforms) = postSolution
		{77A2A681-4D35-4D4A-8236-61E11047B84A}.Debug|Any CPU.ActiveCfg = Debug|Any CPU
		{77A2A681-4D35-4D4A-8236-61E11047B84A}.Debug|Any CPU.Build.0 = Debug|Any CPU
		{77A2A681-4D35-4D4A-8236-61E11047B84A}.Release|Any CPU.ActiveCfg = Release|Any CPU
		{77A2A681-4D35-4D4A-8236-61E11047B84A}.Release|Any CPU.Build.0 = Release|Any CPU
	EndGlobalSection
	GlobalSection(SolutionProperties) = preSolution
		HideSolutionNode = FALSE
	EndGlobalSection
	GlobalSection(ExtensibilityGlobals) = postSolution
		SolutionGuid = {B3C52CC6-F18E-4680-ADE6-25C2F86ABBC2}
	EndGlobalSection
EndGlobal
