
Microsoft Visual Studio Solution File, Format Version 12.00
# Visual Studio Version 16
VisualStudioVersion = 16.0.31129.286
MinimumVisualStudioVersion = 10.0.40219.1
Project("{FAE04EC0-301F-11D3-BF4B-00C04F79EFBC}") = "Mang2Chieu_Exercises", "Mang2Chieu_Exercises\Mang2Chieu_Exercises.csproj", "{07A5BCB6-6503-424A-B138-57E3DA083A91}"
EndProject
Global
	GlobalSection(SolutionConfigurationPlatforms) = preSolution
		Debug|Any CPU = Debug|Any CPU
		Release|Any CPU = Release|Any CPU
	EndGlobalSection
	GlobalSection(ProjectConfigurationPlatforms) = postSolution
		{07A5BCB6-6503-424A-B138-57E3DA083A91}.Debug|Any CPU.ActiveCfg = Debug|Any CPU
		{07A5BCB6-6503-424A-B138-57E3DA083A91}.Debug|Any CPU.Build.0 = Debug|Any CPU
		{07A5BCB6-6503-424A-B138-57E3DA083A91}.Release|Any CPU.ActiveCfg = Release|Any CPU
		{07A5BCB6-6503-424A-B138-57E3DA083A91}.Release|Any CPU.Build.0 = Release|Any CPU
	EndGlobalSection
	GlobalSection(SolutionProperties) = preSolution
		HideSolutionNode = FALSE
	EndGlobalSection
	GlobalSection(ExtensibilityGlobals) = postSolution
		SolutionGuid = {D5DBA0E7-7050-4BA0-AC6A-AE74D567B9E6}
	EndGlobalSection
EndGlobal
