
Microsoft Visual Studio Solution File, Format Version 12.00
# Visual Studio Version 16
VisualStudioVersion = 16.0.31321.278
MinimumVisualStudioVersion = 10.0.40219.1
Project("{FAE04EC0-301F-11D3-BF4B-00C04F79EFBC}") = "DaiSo", "DaiSo.csproj", "{7A16BA76-AA8D-44E5-B53C-7FCD4C9EF6EB}"
EndProject
Global
	GlobalSection(SolutionConfigurationPlatforms) = preSolution
		Debug|Any CPU = Debug|Any CPU
		Release|Any CPU = Release|Any CPU
	EndGlobalSection
	GlobalSection(ProjectConfigurationPlatforms) = postSolution
		{7A16BA76-AA8D-44E5-B53C-7FCD4C9EF6EB}.Debug|Any CPU.ActiveCfg = Debug|Any CPU
		{7A16BA76-AA8D-44E5-B53C-7FCD4C9EF6EB}.Debug|Any CPU.Build.0 = Debug|Any CPU
		{7A16BA76-AA8D-44E5-B53C-7FCD4C9EF6EB}.Release|Any CPU.ActiveCfg = Release|Any CPU
		{7A16BA76-AA8D-44E5-B53C-7FCD4C9EF6EB}.Release|Any CPU.Build.0 = Release|Any CPU
	EndGlobalSection
	GlobalSection(SolutionProperties) = preSolution
		HideSolutionNode = FALSE
	EndGlobalSection
	GlobalSection(ExtensibilityGlobals) = postSolution
		SolutionGuid = {0F68686C-BA95-40CD-AC80-EEF4BBB8AEE7}
	EndGlobalSection
EndGlobal
